
Microsoft Visual Studio Solution File, Format Version 12.00
# Visual Studio Version 17
VisualStudioVersion = 17.2.32526.322
MinimumVisualStudioVersion = 10.0.40219.1
Project("{FAE04EC0-301F-11D3-BF4B-00C04F79EFBC}") = "MMIS-web-portal", "MMIS-web-portal\MMIS-web-portal.csproj", "{E0912C5D-6C30-4EB3-9F05-50DDFC1AD921}"
EndProject
Global
	GlobalSection(SolutionConfigurationPlatforms) = preSolution
		Debug|Any CPU = Debug|Any CPU
		Release|Any CPU = Release|Any CPU
	EndGlobalSection
	GlobalSection(ProjectConfigurationPlatforms) = postSolution
		{E0912C5D-6C30-4EB3-9F05-50DDFC1AD921}.Debug|Any CPU.ActiveCfg = Debug|Any CPU
		{E0912C5D-6C30-4EB3-9F05-50DDFC1AD921}.Debug|Any CPU.Build.0 = Debug|Any CPU
		{E0912C5D-6C30-4EB3-9F05-50DDFC1AD921}.Release|Any CPU.ActiveCfg = Release|Any CPU
		{E0912C5D-6C30-4EB3-9F05-50DDFC1AD921}.Release|Any CPU.Build.0 = Release|Any CPU
	EndGlobalSection
	GlobalSection(SolutionProperties) = preSolution
		HideSolutionNode = FALSE
	EndGlobalSection
	GlobalSection(ExtensibilityGlobals) = postSolution
		SolutionGuid = {AAF91D84-5462-4954-8FDD-F8662B097872}
	EndGlobalSection
EndGlobal
